// !$*UTF8*$!
{
	archiveVersion = 1;
	classes = {
	};
	objectVersion = 56;
	objects = {

/* Begin PBXBuildFile section */
		368BDB9428F0D76300E3344A /* betchaApp.swift in Sources */ = {isa = PBXBuildFile; fileRef = 368BDB9328F0D76300E3344A /* betchaApp.swift */; };
		368BDB9628F0D76300E3344A /* ContentView.swift in Sources */ = {isa = PBXBuildFile; fileRef = 368BDB9528F0D76300E3344A /* ContentView.swift */; };
		368BDB9828F0D76400E3344A /* Assets.xcassets in Resources */ = {isa = PBXBuildFile; fileRef = 368BDB9728F0D76400E3344A /* Assets.xcassets */; };
		368BDB9B28F0D76400E3344A /* Preview Assets.xcassets in Resources */ = {isa = PBXBuildFile; fileRef = 368BDB9A28F0D76400E3344A /* Preview Assets.xcassets */; };
		368BDBA328F0D97400E3344A /* Appwrite in Frameworks */ = {isa = PBXBuildFile; productRef = 368BDBA228F0D97400E3344A /* Appwrite */; };
		368BDBA628F0DC2D00E3344A /* AuthViewModel.swift in Sources */ = {isa = PBXBuildFile; fileRef = 368BDBA528F0DC2D00E3344A /* AuthViewModel.swift */; };
		368BDBA828F0DC6E00E3344A /* AppwriteService.swift in Sources */ = {isa = PBXBuildFile; fileRef = 368BDBA728F0DC6E00E3344A /* AppwriteService.swift */; };
		368BDBAC28F1C71600E3344A /* Secrets.swift in Sources */ = {isa = PBXBuildFile; fileRef = 368BDBAB28F1C71600E3344A /* Secrets.swift */; };
		368BDBAF28F1E7F500E3344A /* LoginView.swift in Sources */ = {isa = PBXBuildFile; fileRef = 368BDBAE28F1E7F500E3344A /* LoginView.swift */; };
		368BDBB228F1E95600E3344A /* Binding+.swift in Sources */ = {isa = PBXBuildFile; fileRef = 368BDBB128F1E95600E3344A /* Binding+.swift */; };
		368BDBB528F23E3D00E3344A /* HomeView.swift in Sources */ = {isa = PBXBuildFile; fileRef = 368BDBB428F23E3D00E3344A /* HomeView.swift */; };
		36B05B6528F861DD00E7635A /* EntryListViewModel.swift in Sources */ = {isa = PBXBuildFile; fileRef = 36B05B6428F861DD00E7635A /* EntryListViewModel.swift */; };
		36B05B6828F89A9000E7635A /* EntryModel.swift in Sources */ = {isa = PBXBuildFile; fileRef = 36B05B6728F89A9000E7635A /* EntryModel.swift */; };
		36CB46E929009B2600EC32DC /* DebugView.swift in Sources */ = {isa = PBXBuildFile; fileRef = 36CB46E829009B2600EC32DC /* DebugView.swift */; };
		36CB46EB2901C56B00EC32DC /* Gemfile in Resources */ = {isa = PBXBuildFile; fileRef = 36CB46EA2901C56B00EC32DC /* Gemfile */; };
/* End PBXBuildFile section */

/* Begin PBXFileReference section */
		368BDB9028F0D76300E3344A /* betcha.app */ = {isa = PBXFileReference; explicitFileType = wrapper.application; includeInIndex = 0; path = betcha.app; sourceTree = BUILT_PRODUCTS_DIR; };
		368BDB9328F0D76300E3344A /* betchaApp.swift */ = {isa = PBXFileReference; lastKnownFileType = sourcecode.swift; path = betchaApp.swift; sourceTree = "<group>"; };
		368BDB9528F0D76300E3344A /* ContentView.swift */ = {isa = PBXFileReference; lastKnownFileType = sourcecode.swift; path = ContentView.swift; sourceTree = "<group>"; };
		368BDB9728F0D76400E3344A /* Assets.xcassets */ = {isa = PBXFileReference; lastKnownFileType = folder.assetcatalog; path = Assets.xcassets; sourceTree = "<group>"; };
		368BDB9A28F0D76400E3344A /* Preview Assets.xcassets */ = {isa = PBXFileReference; lastKnownFileType = folder.assetcatalog; path = "Preview Assets.xcassets"; sourceTree = "<group>"; };
		368BDBA528F0DC2D00E3344A /* AuthViewModel.swift */ = {isa = PBXFileReference; lastKnownFileType = sourcecode.swift; path = AuthViewModel.swift; sourceTree = "<group>"; };
		368BDBA728F0DC6E00E3344A /* AppwriteService.swift */ = {isa = PBXFileReference; lastKnownFileType = sourcecode.swift; path = AppwriteService.swift; sourceTree = "<group>"; };
		368BDBAB28F1C71600E3344A /* Secrets.swift */ = {isa = PBXFileReference; lastKnownFileType = sourcecode.swift; path = Secrets.swift; sourceTree = "<group>"; };
		368BDBAE28F1E7F500E3344A /* LoginView.swift */ = {isa = PBXFileReference; lastKnownFileType = sourcecode.swift; path = LoginView.swift; sourceTree = "<group>"; };
		368BDBB128F1E95600E3344A /* Binding+.swift */ = {isa = PBXFileReference; lastKnownFileType = sourcecode.swift; path = "Binding+.swift"; sourceTree = "<group>"; };
		368BDBB428F23E3D00E3344A /* HomeView.swift */ = {isa = PBXFileReference; lastKnownFileType = sourcecode.swift; path = HomeView.swift; sourceTree = "<group>"; };
		36B05B6428F861DD00E7635A /* EntryListViewModel.swift */ = {isa = PBXFileReference; lastKnownFileType = sourcecode.swift; path = EntryListViewModel.swift; sourceTree = "<group>"; };
		36B05B6728F89A9000E7635A /* EntryModel.swift */ = {isa = PBXFileReference; lastKnownFileType = sourcecode.swift; path = EntryModel.swift; sourceTree = "<group>"; };
		36CB46E829009B2600EC32DC /* DebugView.swift */ = {isa = PBXFileReference; lastKnownFileType = sourcecode.swift; path = DebugView.swift; sourceTree = "<group>"; };
		36CB46EA2901C56B00EC32DC /* Gemfile */ = {isa = PBXFileReference; lastKnownFileType = text; path = Gemfile; sourceTree = "<group>"; };
/* End PBXFileReference section */

/* Begin PBXFrameworksBuildPhase section */
		368BDB8D28F0D76300E3344A /* Frameworks */ = {
			isa = PBXFrameworksBuildPhase;
			buildActionMask = 2147483647;
			files = (
				368BDBA328F0D97400E3344A /* Appwrite in Frameworks */,
			);
			runOnlyForDeploymentPostprocessing = 0;
		};
/* End PBXFrameworksBuildPhase section */

/* Begin PBXGroup section */
		368BDB8728F0D76300E3344A = {
			isa = PBXGroup;
			children = (
				36CB46EA2901C56B00EC32DC /* Gemfile */,
				368BDB9228F0D76300E3344A /* betcha */,
				368BDB9128F0D76300E3344A /* Products */,
			);
			sourceTree = "<group>";
		};
		368BDB9128F0D76300E3344A /* Products */ = {
			isa = PBXGroup;
			children = (
				368BDB9028F0D76300E3344A /* betcha.app */,
			);
			name = Products;
			sourceTree = "<group>";
		};
		368BDB9228F0D76300E3344A /* betcha */ = {
			isa = PBXGroup;
			children = (
				36B05B6628F89A8300E7635A /* Models */,
				368BDBB028F1E94D00E3344A /* Extensions */,
				368BDBAA28F1C70900E3344A /* Configs */,
				368BDBA928F17C4100E3344A /* Views */,
				368BDBA428F0DBF900E3344A /* ViewModels */,
				368BDB9328F0D76300E3344A /* betchaApp.swift */,
				368BDB9528F0D76300E3344A /* ContentView.swift */,
				368BDB9728F0D76400E3344A /* Assets.xcassets */,
				368BDB9928F0D76400E3344A /* Preview Content */,
				368BDBA728F0DC6E00E3344A /* AppwriteService.swift */,
			);
			path = betcha;
			sourceTree = "<group>";
		};
		368BDB9928F0D76400E3344A /* Preview Content */ = {
			isa = PBXGroup;
			children = (
				368BDB9A28F0D76400E3344A /* Preview Assets.xcassets */,
			);
			path = "Preview Content";
			sourceTree = "<group>";
		};
		368BDBA428F0DBF900E3344A /* ViewModels */ = {
			isa = PBXGroup;
			children = (
				368BDBA528F0DC2D00E3344A /* AuthViewModel.swift */,
				36B05B6428F861DD00E7635A /* EntryListViewModel.swift */,
			);
			path = ViewModels;
			sourceTree = "<group>";
		};
		368BDBA928F17C4100E3344A /* Views */ = {
			isa = PBXGroup;
			children = (
				368BDBB328F23E3300E3344A /* Home */,
				368BDBAD28F1E7EC00E3344A /* Auth */,
				36CB46E829009B2600EC32DC /* DebugView.swift */,
			);
			path = Views;
			sourceTree = "<group>";
		};
		368BDBAA28F1C70900E3344A /* Configs */ = {
			isa = PBXGroup;
			children = (
				368BDBAB28F1C71600E3344A /* Secrets.swift */,
			);
			path = Configs;
			sourceTree = "<group>";
		};
		368BDBAD28F1E7EC00E3344A /* Auth */ = {
			isa = PBXGroup;
			children = (
				368BDBAE28F1E7F500E3344A /* LoginView.swift */,
			);
			path = Auth;
			sourceTree = "<group>";
		};
		368BDBB028F1E94D00E3344A /* Extensions */ = {
			isa = PBXGroup;
			children = (
				368BDBB128F1E95600E3344A /* Binding+.swift */,
			);
			path = Extensions;
			sourceTree = "<group>";
		};
		368BDBB328F23E3300E3344A /* Home */ = {
			isa = PBXGroup;
			children = (
				368BDBB428F23E3D00E3344A /* HomeView.swift */,
			);
			path = Home;
			sourceTree = "<group>";
		};
		36B05B6628F89A8300E7635A /* Models */ = {
			isa = PBXGroup;
			children = (
				36B05B6728F89A9000E7635A /* EntryModel.swift */,
			);
			path = Models;
			sourceTree = "<group>";
		};
/* End PBXGroup section */

/* Begin PBXNativeTarget section */
		368BDB8F28F0D76300E3344A /* betcha */ = {
			isa = PBXNativeTarget;
			buildConfigurationList = 368BDB9E28F0D76400E3344A /* Build configuration list for PBXNativeTarget "betcha" */;
			buildPhases = (
				368BDB8C28F0D76300E3344A /* Sources */,
				368BDB8D28F0D76300E3344A /* Frameworks */,
				368BDB8E28F0D76300E3344A /* Resources */,
			);
			buildRules = (
			);
			dependencies = (
			);
			name = betcha;
			packageProductDependencies = (
				368BDBA228F0D97400E3344A /* Appwrite */,
			);
			productName = betcha;
			productReference = 368BDB9028F0D76300E3344A /* betcha.app */;
			productType = "com.apple.product-type.application";
		};
/* End PBXNativeTarget section */

/* Begin PBXProject section */
		368BDB8828F0D76300E3344A /* Project object */ = {
			isa = PBXProject;
			attributes = {
				BuildIndependentTargetsInParallel = 1;
				LastSwiftUpdateCheck = 1400;
				LastUpgradeCheck = 1400;
				TargetAttributes = {
					368BDB8F28F0D76300E3344A = {
						CreatedOnToolsVersion = 14.0.1;
					};
				};
			};
			buildConfigurationList = 368BDB8B28F0D76300E3344A /* Build configuration list for PBXProject "betcha" */;
			compatibilityVersion = "Xcode 14.0";
			developmentRegion = en;
			hasScannedForEncodings = 0;
			knownRegions = (
				en,
				Base,
			);
			mainGroup = 368BDB8728F0D76300E3344A;
			packageReferences = (
				368BDBA128F0D97400E3344A /* XCRemoteSwiftPackageReference "sdk-for-apple" */,
			);
			productRefGroup = 368BDB9128F0D76300E3344A /* Products */;
			projectDirPath = "";
			projectRoot = "";
			targets = (
				368BDB8F28F0D76300E3344A /* betcha */,
			);
		};
/* End PBXProject section */

/* Begin PBXResourcesBuildPhase section */
		368BDB8E28F0D76300E3344A /* Resources */ = {
			isa = PBXResourcesBuildPhase;
			buildActionMask = 2147483647;
			files = (
				36CB46EB2901C56B00EC32DC /* Gemfile in Resources */,
				368BDB9B28F0D76400E3344A /* Preview Assets.xcassets in Resources */,
				368BDB9828F0D76400E3344A /* Assets.xcassets in Resources */,
			);
			runOnlyForDeploymentPostprocessing = 0;
		};
/* End PBXResourcesBuildPhase section */

/* Begin PBXSourcesBuildPhase section */
		368BDB8C28F0D76300E3344A /* Sources */ = {
			isa = PBXSourcesBuildPhase;
			buildActionMask = 2147483647;
			files = (
				368BDBAF28F1E7F500E3344A /* LoginView.swift in Sources */,
				368BDB9628F0D76300E3344A /* ContentView.swift in Sources */,
				368BDBAC28F1C71600E3344A /* Secrets.swift in Sources */,
				368BDBA828F0DC6E00E3344A /* AppwriteService.swift in Sources */,
				36B05B6828F89A9000E7635A /* EntryModel.swift in Sources */,
				368BDB9428F0D76300E3344A /* betchaApp.swift in Sources */,
				368BDBB528F23E3D00E3344A /* HomeView.swift in Sources */,
				36B05B6528F861DD00E7635A /* EntryListViewModel.swift in Sources */,
				368BDBB228F1E95600E3344A /* Binding+.swift in Sources */,
				368BDBA628F0DC2D00E3344A /* AuthViewModel.swift in Sources */,
				36CB46E929009B2600EC32DC /* DebugView.swift in Sources */,
			);
			runOnlyForDeploymentPostprocessing = 0;
		};
/* End PBXSourcesBuildPhase section */

/* Begin XCBuildConfiguration section */
		368BDB9C28F0D76400E3344A /* Debug */ = {
			isa = XCBuildConfiguration;
			buildSettings = {
				ALWAYS_SEARCH_USER_PATHS = NO;
				CLANG_ANALYZER_NONNULL = YES;
				CLANG_ANALYZER_NUMBER_OBJECT_CONVERSION = YES_AGGRESSIVE;
				CLANG_CXX_LANGUAGE_STANDARD = "gnu++20";
				CLANG_ENABLE_MODULES = YES;
				CLANG_ENABLE_OBJC_ARC = YES;
				CLANG_ENABLE_OBJC_WEAK = YES;
				CLANG_WARN_BLOCK_CAPTURE_AUTORELEASING = YES;
				CLANG_WARN_BOOL_CONVERSION = YES;
				CLANG_WARN_COMMA = YES;
				CLANG_WARN_CONSTANT_CONVERSION = YES;
				CLANG_WARN_DEPRECATED_OBJC_IMPLEMENTATIONS = YES;
				CLANG_WARN_DIRECT_OBJC_ISA_USAGE = YES_ERROR;
				CLANG_WARN_DOCUMENTATION_COMMENTS = YES;
				CLANG_WARN_EMPTY_BODY = YES;
				CLANG_WARN_ENUM_CONVERSION = YES;
				CLANG_WARN_INFINITE_RECURSION = YES;
				CLANG_WARN_INT_CONVERSION = YES;
				CLANG_WARN_NON_LITERAL_NULL_CONVERSION = YES;
				CLANG_WARN_OBJC_IMPLICIT_RETAIN_SELF = YES;
				CLANG_WARN_OBJC_LITERAL_CONVERSION = YES;
				CLANG_WARN_OBJC_ROOT_CLASS = YES_ERROR;
				CLANG_WARN_QUOTED_INCLUDE_IN_FRAMEWORK_HEADER = YES;
				CLANG_WARN_RANGE_LOOP_ANALYSIS = YES;
				CLANG_WARN_STRICT_PROTOTYPES = YES;
				CLANG_WARN_SUSPICIOUS_MOVE = YES;
				CLANG_WARN_UNGUARDED_AVAILABILITY = YES_AGGRESSIVE;
				CLANG_WARN_UNREACHABLE_CODE = YES;
				CLANG_WARN__DUPLICATE_METHOD_MATCH = YES;
				COPY_PHASE_STRIP = NO;
				DEBUG_INFORMATION_FORMAT = dwarf;
				ENABLE_STRICT_OBJC_MSGSEND = YES;
				ENABLE_TESTABILITY = YES;
				GCC_C_LANGUAGE_STANDARD = gnu11;
				GCC_DYNAMIC_NO_PIC = NO;
				GCC_NO_COMMON_BLOCKS = YES;
				GCC_OPTIMIZATION_LEVEL = 0;
				GCC_PREPROCESSOR_DEFINITIONS = (
					"DEBUG=1",
					"$(inherited)",
				);
				GCC_WARN_64_TO_32_BIT_CONVERSION = YES;
				GCC_WARN_ABOUT_RETURN_TYPE = YES_ERROR;
				GCC_WARN_UNDECLARED_SELECTOR = YES;
				GCC_WARN_UNINITIALIZED_AUTOS = YES_AGGRESSIVE;
				GCC_WARN_UNUSED_FUNCTION = YES;
				GCC_WARN_UNUSED_VARIABLE = YES;
				IPHONEOS_DEPLOYMENT_TARGET = 16.0;
				MTL_ENABLE_DEBUG_INFO = INCLUDE_SOURCE;
				MTL_FAST_MATH = YES;
				ONLY_ACTIVE_ARCH = YES;
				SDKROOT = iphoneos;
				SWIFT_ACTIVE_COMPILATION_CONDITIONS = DEBUG;
				SWIFT_OPTIMIZATION_LEVEL = "-Onone";
			};
			name = Debug;
		};
		368BDB9D28F0D76400E3344A /* Release */ = {
			isa = XCBuildConfiguration;
			buildSettings = {
				ALWAYS_SEARCH_USER_PATHS = NO;
				CLANG_ANALYZER_NONNULL = YES;
				CLANG_ANALYZER_NUMBER_OBJECT_CONVERSION = YES_AGGRESSIVE;
				CLANG_CXX_LANGUAGE_STANDARD = "gnu++20";
				CLANG_ENABLE_MODULES = YES;
				CLANG_ENABLE_OBJC_ARC = YES;
				CLANG_ENABLE_OBJC_WEAK = YES;
				CLANG_WARN_BLOCK_CAPTURE_AUTORELEASING = YES;
				CLANG_WARN_BOOL_CONVERSION = YES;
				CLANG_WARN_COMMA = YES;
				CLANG_WARN_CONSTANT_CONVERSION = YES;
				CLANG_WARN_DEPRECATED_OBJC_IMPLEMENTATIONS = YES;
				CLANG_WARN_DIRECT_OBJC_ISA_USAGE = YES_ERROR;
				CLANG_WARN_DOCUMENTATION_COMMENTS = YES;
				CLANG_WARN_EMPTY_BODY = YES;
				CLANG_WARN_ENUM_CONVERSION = YES;
				CLANG_WARN_INFINITE_RECURSION = YES;
				CLANG_WARN_INT_CONVERSION = YES;
				CLANG_WARN_NON_LITERAL_NULL_CONVERSION = YES;
				CLANG_WARN_OBJC_IMPLICIT_RETAIN_SELF = YES;
				CLANG_WARN_OBJC_LITERAL_CONVERSION = YES;
				CLANG_WARN_OBJC_ROOT_CLASS = YES_ERROR;
				CLANG_WARN_QUOTED_INCLUDE_IN_FRAMEWORK_HEADER = YES;
				CLANG_WARN_RANGE_LOOP_ANALYSIS = YES;
				CLANG_WARN_STRICT_PROTOTYPES = YES;
				CLANG_WARN_SUSPICIOUS_MOVE = YES;
				CLANG_WARN_UNGUARDED_AVAILABILITY = YES_AGGRESSIVE;
				CLANG_WARN_UNREACHABLE_CODE = YES;
				CLANG_WARN__DUPLICATE_METHOD_MATCH = YES;
				COPY_PHASE_STRIP = NO;
				DEBUG_INFORMATION_FORMAT = "dwarf-with-dsym";
				ENABLE_NS_ASSERTIONS = NO;
				ENABLE_STRICT_OBJC_MSGSEND = YES;
				GCC_C_LANGUAGE_STANDARD = gnu11;
				GCC_NO_COMMON_BLOCKS = YES;
				GCC_WARN_64_TO_32_BIT_CONVERSION = YES;
				GCC_WARN_ABOUT_RETURN_TYPE = YES_ERROR;
				GCC_WARN_UNDECLARED_SELECTOR = YES;
				GCC_WARN_UNINITIALIZED_AUTOS = YES_AGGRESSIVE;
				GCC_WARN_UNUSED_FUNCTION = YES;
				GCC_WARN_UNUSED_VARIABLE = YES;
				IPHONEOS_DEPLOYMENT_TARGET = 16.0;
				MTL_ENABLE_DEBUG_INFO = NO;
				MTL_FAST_MATH = YES;
				SDKROOT = iphoneos;
				SWIFT_COMPILATION_MODE = wholemodule;
				SWIFT_OPTIMIZATION_LEVEL = "-O";
				VALIDATE_PRODUCT = YES;
			};
			name = Release;
		};
		368BDB9F28F0D76400E3344A /* Debug */ = {
			isa = XCBuildConfiguration;
			buildSettings = {
				ASSETCATALOG_COMPILER_APPICON_NAME = AppIcon;
				ASSETCATALOG_COMPILER_GLOBAL_ACCENT_COLOR_NAME = AccentColor;
				"CODE_SIGN_IDENTITY[sdk=iphoneos*]" = "iPhone Distribution";
				CODE_SIGN_STYLE = Manual;
				CURRENT_PROJECT_VERSION = 1;
				DEVELOPMENT_ASSET_PATHS = "\"betcha/Preview Content\"";
				DEVELOPMENT_TEAM = "";
				"DEVELOPMENT_TEAM[sdk=iphoneos*]" = 4ZNHSCB69W;
				ENABLE_PREVIEWS = YES;
				GENERATE_INFOPLIST_FILE = YES;
				INFOPLIST_KEY_CFBundleDisplayName = betcha;
				INFOPLIST_KEY_LSApplicationCategoryType = "public.app-category.social-networking";
				INFOPLIST_KEY_UIApplicationSceneManifest_Generation = YES;
				INFOPLIST_KEY_UIApplicationSupportsIndirectInputEvents = YES;
				INFOPLIST_KEY_UILaunchScreen_Generation = YES;
				INFOPLIST_KEY_UIRequiresFullScreen = NO;
				INFOPLIST_KEY_UIStatusBarStyle = "";
				INFOPLIST_KEY_UISupportedInterfaceOrientations = UIInterfaceOrientationPortrait;
				LD_RUNPATH_SEARCH_PATHS = (
					"$(inherited)",
					"@executable_path/Frameworks",
				);
				MARKETING_VERSION = 1.0;
				PRODUCT_BUNDLE_IDENTIFIER = dev.leonwolf.betcha;
				PRODUCT_NAME = "$(TARGET_NAME)";
				PROVISIONING_PROFILE_SPECIFIER = "";
				"PROVISIONING_PROFILE_SPECIFIER[sdk=iphoneos*]" = "match AppStore dev.leonwolf.betcha";
				SUPPORTED_PLATFORMS = "iphoneos iphonesimulator";
				SUPPORTS_MACCATALYST = NO;
				SUPPORTS_MAC_DESIGNED_FOR_IPHONE_IPAD = YES;
				SWIFT_EMIT_LOC_STRINGS = YES;
				SWIFT_VERSION = 5.0;
				TARGETED_DEVICE_FAMILY = "1,2";
			};
			name = Debug;
		};
		368BDBA028F0D76400E3344A /* Release */ = {
			isa = XCBuildConfiguration;
			buildSettings = {
				ASSETCATALOG_COMPILER_APPICON_NAME = AppIcon;
				ASSETCATALOG_COMPILER_GLOBAL_ACCENT_COLOR_NAME = AccentColor;
				"CODE_SIGN_IDENTITY[sdk=iphoneos*]" = "iPhone Distribution";
				CODE_SIGN_STYLE = Manual;
				CURRENT_PROJECT_VERSION = 1;
				DEVELOPMENT_ASSET_PATHS = "\"betcha/Preview Content\"";
				DEVELOPMENT_TEAM = "";
				"DEVELOPMENT_TEAM[sdk=iphoneos*]" = 4ZNHSCB69W;
				ENABLE_PREVIEWS = YES;
				GENERATE_INFOPLIST_FILE = YES;
				INFOPLIST_KEY_CFBundleDisplayName = betcha;
				INFOPLIST_KEY_LSApplicationCategoryType = "public.app-category.social-networking";
				INFOPLIST_KEY_UIApplicationSceneManifest_Generation = YES;
				INFOPLIST_KEY_UIApplicationSupportsIndirectInputEvents = YES;
				INFOPLIST_KEY_UILaunchScreen_Generation = YES;
				INFOPLIST_KEY_UIRequiresFullScreen = NO;
				INFOPLIST_KEY_UIStatusBarStyle = "";
				INFOPLIST_KEY_UISupportedInterfaceOrientations = UIInterfaceOrientationPortrait;
				LD_RUNPATH_SEARCH_PATHS = (
					"$(inherited)",
					"@executable_path/Frameworks",
				);
				MARKETING_VERSION = 1.0;
				PRODUCT_BUNDLE_IDENTIFIER = dev.leonwolf.betcha;
				PRODUCT_NAME = "$(TARGET_NAME)";
				PROVISIONING_PROFILE_SPECIFIER = "";
				"PROVISIONING_PROFILE_SPECIFIER[sdk=iphoneos*]" = "match AppStore dev.leonwolf.betcha";
				SUPPORTED_PLATFORMS = "iphoneos iphonesimulator";
				SUPPORTS_MACCATALYST = NO;
				SUPPORTS_MAC_DESIGNED_FOR_IPHONE_IPAD = YES;
				SWIFT_EMIT_LOC_STRINGS = YES;
				SWIFT_VERSION = 5.0;
				TARGETED_DEVICE_FAMILY = "1,2";
			};
			name = Release;
		};
/* End XCBuildConfiguration section */

/* Begin XCConfigurationList section */
		368BDB8B28F0D76300E3344A /* Build configuration list for PBXProject "betcha" */ = {
			isa = XCConfigurationList;
			buildConfigurations = (
				368BDB9C28F0D76400E3344A /* Debug */,
				368BDB9D28F0D76400E3344A /* Release */,
			);
			defaultConfigurationIsVisible = 0;
			defaultConfigurationName = Release;
		};
		368BDB9E28F0D76400E3344A /* Build configuration list for PBXNativeTarget "betcha" */ = {
			isa = XCConfigurationList;
			buildConfigurations = (
				368BDB9F28F0D76400E3344A /* Debug */,
				368BDBA028F0D76400E3344A /* Release */,
			);
			defaultConfigurationIsVisible = 0;
			defaultConfigurationName = Release;
		};
/* End XCConfigurationList section */

/* Begin XCRemoteSwiftPackageReference section */
		368BDBA128F0D97400E3344A /* XCRemoteSwiftPackageReference "sdk-for-apple" */ = {
			isa = XCRemoteSwiftPackageReference;
			repositoryURL = "https://github.com/appwrite/sdk-for-apple";
			requirement = {
				kind = upToNextMajorVersion;
				minimumVersion = 1.0.0;
			};
		};
/* End XCRemoteSwiftPackageReference section */

/* Begin XCSwiftPackageProductDependency section */
		368BDBA228F0D97400E3344A /* Appwrite */ = {
			isa = XCSwiftPackageProductDependency;
			package = 368BDBA128F0D97400E3344A /* XCRemoteSwiftPackageReference "sdk-for-apple" */;
			productName = Appwrite;
		};
/* End XCSwiftPackageProductDependency section */
	};
	rootObject = 368BDB8828F0D76300E3344A /* Project object */;
}
